github.com/julienschmidt/httprouter v1.2.1-0.20181021223831-26a05976f9bf h1:wpJKNUBPBOzWjszbS9cRGFi2BBmG5g7q06FFRSHewWc=
github.com/julienschmidt/httprouter v1.2.1-0.20181021223831-26a05976f9bf/go.mod h1:SYymIcj16QtmaHHD7aYtjjsJG7VTCxuUUipMqKk8s4w=
github.com/uber/zanzibar v0.2.1-0.20190709223506-f20fd8f79b25 h1:5VSGKkoqB2wSkCwD3NFpQKoqQfvRDCeQPFnlTQjmkHM=
github.com/uber/zanzibar v0.2.1-0.20190709223506-f20fd8f79b25/go.mod h1:dKUkNIS7N+YxjG+9eQeu1A9bFoyLy21iicPVe0+Y8y4=
